Microsoft Visual Studio Solution File, Format Version 9.00
# Visual Studio 2005
Project("{FAE04EC0-301F-11D3-BF4B-00C04F79EFBC}") = "SelectAllAndCopy", "SelectAllAndCopy.csproj", "{0C5D9992-094D-49D9-9D70-F34237F1206B}"
	ProjectSection(WebsiteProperties) = preProject
		Debug.AspNetCompiler.Debug = "True"
		Release.AspNetCompiler.Debug = "False"
	EndProjectSection
EndProject
Global
	GlobalSection(SolutionConfigurationPlatforms) = preSolution
		Debug|Any CPU = Debug|Any CPU
		Release|Any CPU = Release|Any CPU
	EndGlobalSection
	GlobalSection(ProjectConfigurationPlatforms) = postSolution
		{0C5D9992-094D-49D9-9D70-F34237F1206B}.Debug|Any CPU.ActiveCfg = Debug|Any CPU
		{0C5D9992-094D-49D9-9D70-F34237F1206B}.Debug|Any CPU.Build.0 = Debug|Any CPU
		{0C5D9992-094D-49D9-9D70-F34237F1206B}.Release|Any CPU.ActiveCfg = Release|Any CPU
		{0C5D9992-094D-49D9-9D70-F34237F1206B}.Release|Any CPU.Build.0 = Release|Any CPU
	EndGlobalSection
	GlobalSection(SolutionProperties) = preSolution
		HideSolutionNode = FALSE
	EndGlobalSection
EndGlobal
